// !$*UTF8*$!
{
	archiveVersion = 1;
	classes = {
	};
	objectVersion = 50;
	objects = {

/* Begin PBXBuildFile section */
		4889E944220383840078D543 /* AppDelegate.swift in Sources */ = {isa = PBXBuildFile; fileRef = 4889E943220383840078D543 /* AppDelegate.swift */; };
		4889E946220383840078D543 /* ViewController.swift in Sources */ = {isa = PBXBuildFile; fileRef = 4889E945220383840078D543 /* ViewController.swift */; };
		4889E949220383840078D543 /* Main.storyboard in Resources */ = {isa = PBXBuildFile; fileRef = 4889E947220383840078D543 /* Main.storyboard */; };
		4889E94B220383860078D543 /* Assets.xcassets in Resources */ = {isa = PBXBuildFile; fileRef = 4889E94A220383860078D543 /* Assets.xcassets */; };
		4889E94E220383860078D543 /* LaunchScreen.storyboard in Resources */ = {isa = PBXBuildFile; fileRef = 4889E94C220383860078D543 /* LaunchScreen.storyboard */; };
		4889E956220390540078D543 /* CustomButton.swift in Sources */ = {isa = PBXBuildFile; fileRef = 4889E955220390540078D543 /* CustomButton.swift */; };
		4889E95822039E430078D543 /* SecondViewController.swift in Sources */ = {isa = PBXBuildFile; fileRef = 4889E95722039E430078D543 /* SecondViewController.swift */; };
		48A510B122199E76005390C4 /* Surfing Data.swift in Sources */ = {isa = PBXBuildFile; fileRef = 48A510B022199E76005390C4 /* Surfing Data.swift */; };
		48C76B1F220CB51000987615 /* GoogleService-Info.plist in Resources */ = {isa = PBXBuildFile; fileRef = 48C76B1E220CB51000987615 /* GoogleService-Info.plist */; };
		48C76B21220CC53C00987615 /* NewUserController.swift in Sources */ = {isa = PBXBuildFile; fileRef = 48C76B20220CC53C00987615 /* NewUserController.swift */; };
		5EF00A842937D5800166A57B /* Pods_Surfing_Login_Screen.framework in Frameworks */ = {isa = PBXBuildFile; fileRef = 17D8AFFC023CAE98653E7B21 /* Pods_Surfing_Login_Screen.framework */; };
/* End PBXBuildFile section */

/* Begin PBXFileReference section */
		17D8AFFC023CAE98653E7B21 /* Pods_Surfing_Login_Screen.framework */ = {isa = PBXFileReference; explicitFileType = wrapper.framework; includeInIndex = 0; path = Pods_Surfing_Login_Screen.framework; sourceTree = BUILT_PRODUCTS_DIR; };
		4889E940220383840078D543 /* Surfing Login Screen.app */ = {isa = PBXFileReference; explicitFileType = wrapper.application; includeInIndex = 0; path = "Surfing Login Screen.app"; sourceTree = BUILT_PRODUCTS_DIR; };
		4889E943220383840078D543 /* AppDelegate.swift */ = {isa = PBXFileReference; lastKnownFileType = sourcecode.swift; path = AppDelegate.swift; sourceTree = "<group>"; };
		4889E945220383840078D543 /* ViewController.swift */ = {isa = PBXFileReference; lastKnownFileType = sourcecode.swift; path = ViewController.swift; sourceTree = "<group>"; };
		4889E948220383840078D543 /* Base */ = {isa = PBXFileReference; lastKnownFileType = file.storyboard; name = Base; path = Base.lproj/Main.storyboard; sourceTree = "<group>"; };
		4889E94A220383860078D543 /* Assets.xcassets */ = {isa = PBXFileReference; lastKnownFileType = folder.assetcatalog; path = Assets.xcassets; sourceTree = "<group>"; };
		4889E94D220383860078D543 /* Base */ = {isa = PBXFileReference; lastKnownFileType = file.storyboard; name = Base; path = Base.lproj/LaunchScreen.storyboard; sourceTree = "<group>"; };
		4889E94F220383860078D543 /* Info.plist */ = {isa = PBXFileReference; lastKnownFileType = text.plist.xml; path = Info.plist; sourceTree = "<group>"; };
		4889E955220390540078D543 /* CustomButton.swift */ = {isa = PBXFileReference; lastKnownFileType = sourcecode.swift; path = CustomButton.swift; sourceTree = "<group>"; };
		4889E95722039E430078D543 /* SecondViewController.swift */ = {isa = PBXFileReference; lastKnownFileType = sourcecode.swift; path = SecondViewController.swift; sourceTree = "<group>"; };
		48A510B022199E76005390C4 /* Surfing Data.swift */ = {isa = PBXFileReference; lastKnownFileType = sourcecode.swift; path = "Surfing Data.swift"; sourceTree = "<group>"; };
		48C76B1E220CB51000987615 /* GoogleService-Info.plist */ = {isa = PBXFileReference; fileEncoding = 4; lastKnownFileType = text.plist.xml; path = "GoogleService-Info.plist"; sourceTree = "<group>"; };
		48C76B20220CC53C00987615 /* NewUserController.swift */ = {isa = PBXFileReference; lastKnownFileType = sourcecode.swift; path = NewUserController.swift; sourceTree = "<group>"; };
		8D15050689C11955BA3C60C1 /* Pods-Surfing Login Screen.debug.xcconfig */ = {isa = PBXFileReference; includeInIndex = 1; lastKnownFileType = text.xcconfig; name = "Pods-Surfing Login Screen.debug.xcconfig"; path = "Pods/Target Support Files/Pods-Surfing Login Screen/Pods-Surfing Login Screen.debug.xcconfig"; sourceTree = "<group>"; };
		C2E301F8EEF0FE5964010990 /* Pods-Surfing Login Screen.release.xcconfig */ = {isa = PBXFileReference; includeInIndex = 1; lastKnownFileType = text.xcconfig; name = "Pods-Surfing Login Screen.release.xcconfig"; path = "Pods/Target Support Files/Pods-Surfing Login Screen/Pods-Surfing Login Screen.release.xcconfig"; sourceTree = "<group>"; };
/* End PBXFileReference section */

/* Begin PBXFrameworksBuildPhase section */
		4889E93D220383840078D543 /* Frameworks */ = {
			isa = PBXFrameworksBuildPhase;
			buildActionMask = 2147483647;
			files = (
				5EF00A842937D5800166A57B /* Pods_Surfing_Login_Screen.framework in Frameworks */,
			);
			runOnlyForDeploymentPostprocessing = 0;
		};
/* End PBXFrameworksBuildPhase section */

/* Begin PBXGroup section */
		1515D773E706600F630E009C /* Pods */ = {
			isa = PBXGroup;
			children = (
				8D15050689C11955BA3C60C1 /* Pods-Surfing Login Screen.debug.xcconfig */,
				C2E301F8EEF0FE5964010990 /* Pods-Surfing Login Screen.release.xcconfig */,
			);
			name = Pods;
			sourceTree = "<group>";
		};
		484406E82210B86300AE6F68 /* Constants */ = {
			isa = PBXGroup;
			children = (
				4889E955220390540078D543 /* CustomButton.swift */,
			);
			path = Constants;
			sourceTree = "<group>";
		};
		48726D022210B64F0056E793 /* Controllers */ = {
			isa = PBXGroup;
			children = (
				4889E945220383840078D543 /* ViewController.swift */,
				48C76B20220CC53C00987615 /* NewUserController.swift */,
				4889E95722039E430078D543 /* SecondViewController.swift */,
			);
			path = Controllers;
			sourceTree = "<group>";
		};
		4889E937220383840078D543 = {
			isa = PBXGroup;
			children = (
				4889E942220383840078D543 /* Surfing Login Screen */,
				4889E941220383840078D543 /* Products */,
				1515D773E706600F630E009C /* Pods */,
				4A57CB075BE1D1EB4BBB8326 /* Frameworks */,
			);
			sourceTree = "<group>";
		};
		4889E941220383840078D543 /* Products */ = {
			isa = PBXGroup;
			children = (
				4889E940220383840078D543 /* Surfing Login Screen.app */,
			);
			name = Products;
			sourceTree = "<group>";
		};
		4889E942220383840078D543 /* Surfing Login Screen */ = {
			isa = PBXGroup;
			children = (
				4889E943220383840078D543 /* AppDelegate.swift */,
				48A510B222199E7C005390C4 /* Model */,
				484406E82210B86300AE6F68 /* Constants */,
				48726D022210B64F0056E793 /* Controllers */,
				4889E947220383840078D543 /* Main.storyboard */,
				4889E94A220383860078D543 /* Assets.xcassets */,
				4889E94C220383860078D543 /* LaunchScreen.storyboard */,
				4889E94F220383860078D543 /* Info.plist */,
				48C76B1E220CB51000987615 /* GoogleService-Info.plist */,
			);
			path = "Surfing Login Screen";
			sourceTree = "<group>";
		};
		48A510B222199E7C005390C4 /* Model */ = {
			isa = PBXGroup;
			children = (
				48A510B022199E76005390C4 /* Surfing Data.swift */,
			);
			path = Model;
			sourceTree = "<group>";
		};
		4A57CB075BE1D1EB4BBB8326 /* Frameworks */ = {
			isa = PBXGroup;
			children = (
				17D8AFFC023CAE98653E7B21 /* Pods_Surfing_Login_Screen.framework */,
			);
			name = Frameworks;
			sourceTree = "<group>";
		};
/* End PBXGroup section */

/* Begin PBXNativeTarget section */
		4889E93F220383840078D543 /* Surfing Login Screen */ = {
			isa = PBXNativeTarget;
			buildConfigurationList = 4889E952220383860078D543 /* Build configuration list for PBXNativeTarget "Surfing Login Screen" */;
			buildPhases = (
				1B1663B00F70E2F2184B9353 /* [CP] Check Pods Manifest.lock */,
				4889E93C220383840078D543 /* Sources */,
				4889E93D220383840078D543 /* Frameworks */,
				4889E93E220383840078D543 /* Resources */,
				F775FA854881DA94A25680A4 /* [CP] Embed Pods Frameworks */,
			);
			buildRules = (
			);
			dependencies = (
			);
			name = "Surfing Login Screen";
			productName = "Surfing Login Screen";
			productReference = 4889E940220383840078D543 /* Surfing Login Screen.app */;
			productType = "com.apple.product-type.application";
		};
/* End PBXNativeTarget section */

/* Begin PBXProject section */
		4889E938220383840078D543 /* Project object */ = {
			isa = PBXProject;
			attributes = {
				LastSwiftUpdateCheck = 1010;
				LastUpgradeCheck = 1010;
				ORGANIZATIONNAME = "Ali Aljoubory";
				TargetAttributes = {
					4889E93F220383840078D543 = {
						CreatedOnToolsVersion = 10.1;
					};
				};
			};
			buildConfigurationList = 4889E93B220383840078D543 /* Build configuration list for PBXProject "Surfing Login Screen" */;
			compatibilityVersion = "Xcode 9.3";
			developmentRegion = en;
			hasScannedForEncodings = 0;
			knownRegions = (
				en,
				Base,
			);
			mainGroup = 4889E937220383840078D543;
			productRefGroup = 4889E941220383840078D543 /* Products */;
			projectDirPath = "";
			projectRoot = "";
			targets = (
				4889E93F220383840078D543 /* Surfing Login Screen */,
			);
		};
/* End PBXProject section */

/* Begin PBXResourcesBuildPhase section */
		4889E93E220383840078D543 /* Resources */ = {
			isa = PBXResourcesBuildPhase;
			buildActionMask = 2147483647;
			files = (
				4889E94E220383860078D543 /* LaunchScreen.storyboard in Resources */,
				48C76B1F220CB51000987615 /* GoogleService-Info.plist in Resources */,
				4889E94B220383860078D543 /* Assets.xcassets in Resources */,
				4889E949220383840078D543 /* Main.storyboard in Resources */,
			);
			runOnlyForDeploymentPostprocessing = 0;
		};
/* End PBXResourcesBuildPhase section */

/* Begin PBXShellScriptBuildPhase section */
		1B1663B00F70E2F2184B9353 /* [CP] Check Pods Manifest.lock */ = {
			isa = PBXShellScriptBuildPhase;
			buildActionMask = 2147483647;
			files = (
			);
			inputPaths = (
				"${PODS_PODFILE_DIR_PATH}/Podfile.lock",
				"${PODS_ROOT}/Manifest.lock",
			);
			name = "[CP] Check Pods Manifest.lock";
			outputPaths = (
				"$(DERIVED_FILE_DIR)/Pods-Surfing Login Screen-checkManifestLockResult.txt",
			);
			runOnlyForDeploymentPostprocessing = 0;
			shellPath = /bin/sh;
			shellScript = "diff \"${PODS_PODFILE_DIR_PATH}/Podfile.lock\" \"${PODS_ROOT}/Manifest.lock\" > /dev/null\nif [ $? != 0 ] ; then\n    # print error to STDERR\n    echo \"error: The sandbox is not in sync with the Podfile.lock. Run 'pod install' or update your CocoaPods installation.\" >&2\n    exit 1\nfi\n# This output is used by Xcode 'outputs' to avoid re-running this script phase.\necho \"SUCCESS\" > \"${SCRIPT_OUTPUT_FILE_0}\"\n";
			showEnvVarsInLog = 0;
		};
		F775FA854881DA94A25680A4 /* [CP] Embed Pods Frameworks */ = {
			isa = PBXShellScriptBuildPhase;
			buildActionMask = 2147483647;
			files = (
			);
			inputPaths = (
				"${PODS_ROOT}/Target Support Files/Pods-Surfing Login Screen/Pods-Surfing Login Screen-frameworks.sh",
				"${BUILT_PRODUCTS_DIR}/GTMSessionFetcher/GTMSessionFetcher.framework",
				"${BUILT_PRODUCTS_DIR}/GoogleToolboxForMac/GoogleToolboxForMac.framework",
				"${BUILT_PRODUCTS_DIR}/IQKeyboardManagerSwift/IQKeyboardManagerSwift.framework",
				"${BUILT_PRODUCTS_DIR}/Realm/Realm.framework",
				"${BUILT_PRODUCTS_DIR}/RealmSwift/RealmSwift.framework",
				"${BUILT_PRODUCTS_DIR}/nanopb/nanopb.framework",
			);
			name = "[CP] Embed Pods Frameworks";
			outputPaths = (
				"${TARGET_BUILD_DIR}/${FRAMEWORKS_FOLDER_PATH}/GTMSessionFetcher.framework",
				"${TARGET_BUILD_DIR}/${FRAMEWORKS_FOLDER_PATH}/GoogleToolboxForMac.framework",
				"${TARGET_BUILD_DIR}/${FRAMEWORKS_FOLDER_PATH}/IQKeyboardManagerSwift.framework",
				"${TARGET_BUILD_DIR}/${FRAMEWORKS_FOLDER_PATH}/Realm.framework",
				"${TARGET_BUILD_DIR}/${FRAMEWORKS_FOLDER_PATH}/RealmSwift.framework",
				"${TARGET_BUILD_DIR}/${FRAMEWORKS_FOLDER_PATH}/nanopb.framework",
			);
			runOnlyForDeploymentPostprocessing = 0;
			shellPath = /bin/sh;
			shellScript = "\"${PODS_ROOT}/Target Support Files/Pods-Surfing Login Screen/Pods-Surfing Login Screen-frameworks.sh\"\n";
			showEnvVarsInLog = 0;
		};
/* End PBXShellScriptBuildPhase section */

/* Begin PBXSourcesBuildPhase section */
		4889E93C220383840078D543 /* Sources */ = {
			isa = PBXSourcesBuildPhase;
			buildActionMask = 2147483647;
			files = (
				48C76B21220CC53C00987615 /* NewUserController.swift in Sources */,
				48A510B122199E76005390C4 /* Surfing Data.swift in Sources */,
				4889E95822039E430078D543 /* SecondViewController.swift in Sources */,
				4889E946220383840078D543 /* ViewController.swift in Sources */,
				4889E944220383840078D543 /* AppDelegate.swift in Sources */,
				4889E956220390540078D543 /* CustomButton.swift in Sources */,
			);
			runOnlyForDeploymentPostprocessing = 0;
		};
/* End PBXSourcesBuildPhase section */

/* Begin PBXVariantGroup section */
		4889E947220383840078D543 /* Main.storyboard */ = {
			isa = PBXVariantGroup;
			children = (
				4889E948220383840078D543 /* Base */,
			);
			name = Main.storyboard;
			sourceTree = "<group>";
		};
		4889E94C220383860078D543 /* LaunchScreen.storyboard */ = {
			isa = PBXVariantGroup;
			children = (
				4889E94D220383860078D543 /* Base */,
			);
			name = LaunchScreen.storyboard;
			sourceTree = "<group>";
		};
/* End PBXVariantGroup section */

/* Begin XCBuildConfiguration section */
		4889E950220383860078D543 /* Debug */ = {
			isa = XCBuildConfiguration;
			buildSettings = {
				ALWAYS_SEARCH_USER_PATHS = NO;
				CLANG_ANALYZER_NONNULL = YES;
				CLANG_ANALYZER_NUMBER_OBJECT_CONVERSION = YES_AGGRESSIVE;
				CLANG_CXX_LANGUAGE_STANDARD = "gnu++14";
				CLANG_CXX_LIBRARY = "libc++";
				CLANG_ENABLE_MODULES = YES;
				CLANG_ENABLE_OBJC_ARC = YES;
				CLANG_ENABLE_OBJC_WEAK = YES;
				CLANG_WARN_BLOCK_CAPTURE_AUTORELEASING = YES;
				CLANG_WARN_BOOL_CONVERSION = YES;
				CLANG_WARN_COMMA = YES;
				CLANG_WARN_CONSTANT_CONVERSION = YES;
				CLANG_WARN_DEPRECATED_OBJC_IMPLEMENTATIONS = YES;
				CLANG_WARN_DIRECT_OBJC_ISA_USAGE = YES_ERROR;
				CLANG_WARN_DOCUMENTATION_COMMENTS = YES;
				CLANG_WARN_EMPTY_BODY = YES;
				CLANG_WARN_ENUM_CONVERSION = YES;
				CLANG_WARN_INFINITE_RECURSION = YES;
				CLANG_WARN_INT_CONVERSION = YES;
				CLANG_WARN_NON_LITERAL_NULL_CONVERSION = YES;
				CLANG_WARN_OBJC_IMPLICIT_RETAIN_SELF = YES;
				CLANG_WARN_OBJC_LITERAL_CONVERSION = YES;
				CLANG_WARN_OBJC_ROOT_CLASS = YES_ERROR;
				CLANG_WARN_RANGE_LOOP_ANALYSIS = YES;
				CLANG_WARN_STRICT_PROTOTYPES = YES;
				CLANG_WARN_SUSPICIOUS_MOVE = YES;
				CLANG_WARN_UNGUARDED_AVAILABILITY = YES_AGGRESSIVE;
				CLANG_WARN_UNREACHABLE_CODE = YES;
				CLANG_WARN__DUPLICATE_METHOD_MATCH = YES;
				CODE_SIGN_IDENTITY = "iPhone Developer";
				COPY_PHASE_STRIP = NO;
				DEBUG_INFORMATION_FORMAT = dwarf;
				ENABLE_STRICT_OBJC_MSGSEND = YES;
				ENABLE_TESTABILITY = YES;
				GCC_C_LANGUAGE_STANDARD = gnu11;
				GCC_DYNAMIC_NO_PIC = NO;
				GCC_NO_COMMON_BLOCKS = YES;
				GCC_OPTIMIZATION_LEVEL = 0;
				GCC_PREPROCESSOR_DEFINITIONS = (
					"DEBUG=1",
					"$(inherited)",
				);
				GCC_WARN_64_TO_32_BIT_CONVERSION = YES;
				GCC_WARN_ABOUT_RETURN_TYPE = YES_ERROR;
				GCC_WARN_UNDECLARED_SELECTOR = YES;
				GCC_WARN_UNINITIALIZED_AUTOS = YES_AGGRESSIVE;
				GCC_WARN_UNUSED_FUNCTION = YES;
				GCC_WARN_UNUSED_VARIABLE = YES;
				IPHONEOS_DEPLOYMENT_TARGET = 12.1;
				MTL_ENABLE_DEBUG_INFO = INCLUDE_SOURCE;
				MTL_FAST_MATH = YES;
				ONLY_ACTIVE_ARCH = YES;
				SDKROOT = iphoneos;
				SWIFT_ACTIVE_COMPILATION_CONDITIONS = DEBUG;
				SWIFT_OPTIMIZATION_LEVEL = "-Onone";
			};
			name = Debug;
		};
		4889E951220383860078D543 /* Release */ = {
			isa = XCBuildConfiguration;
			buildSettings = {
				ALWAYS_SEARCH_USER_PATHS = NO;
				CLANG_ANALYZER_NONNULL = YES;
				CLANG_ANALYZER_NUMBER_OBJECT_CONVERSION = YES_AGGRESSIVE;
				CLANG_CXX_LANGUAGE_STANDARD = "gnu++14";
				CLANG_CXX_LIBRARY = "libc++";
				CLANG_ENABLE_MODULES = YES;
				CLANG_ENABLE_OBJC_ARC = YES;
				CLANG_ENABLE_OBJC_WEAK = YES;
				CLANG_WARN_BLOCK_CAPTURE_AUTORELEASING = YES;
				CLANG_WARN_BOOL_CONVERSION = YES;
				CLANG_WARN_COMMA = YES;
				CLANG_WARN_CONSTANT_CONVERSION = YES;
				CLANG_WARN_DEPRECATED_OBJC_IMPLEMENTATIONS = YES;
				CLANG_WARN_DIRECT_OBJC_ISA_USAGE = YES_ERROR;
				CLANG_WARN_DOCUMENTATION_COMMENTS = YES;
				CLANG_WARN_EMPTY_BODY = YES;
				CLANG_WARN_ENUM_CONVERSION = YES;
				CLANG_WARN_INFINITE_RECURSION = YES;
				CLANG_WARN_INT_CONVERSION = YES;
				CLANG_WARN_NON_LITERAL_NULL_CONVERSION = YES;
				CLANG_WARN_OBJC_IMPLICIT_RETAIN_SELF = YES;
				CLANG_WARN_OBJC_LITERAL_CONVERSION = YES;
				CLANG_WARN_OBJC_ROOT_CLASS = YES_ERROR;
				CLANG_WARN_RANGE_LOOP_ANALYSIS = YES;
				CLANG_WARN_STRICT_PROTOTYPES = YES;
				CLANG_WARN_SUSPICIOUS_MOVE = YES;
				CLANG_WARN_UNGUARDED_AVAILABILITY = YES_AGGRESSIVE;
				CLANG_WARN_UNREACHABLE_CODE = YES;
				CLANG_WARN__DUPLICATE_METHOD_MATCH = YES;
				CODE_SIGN_IDENTITY = "iPhone Developer";
				COPY_PHASE_STRIP = NO;
				DEBUG_INFORMATION_FORMAT = "dwarf-with-dsym";
				ENABLE_NS_ASSERTIONS = NO;
				ENABLE_STRICT_OBJC_MSGSEND = YES;
				GCC_C_LANGUAGE_STANDARD = gnu11;
				GCC_NO_COMMON_BLOCKS = YES;
				GCC_WARN_64_TO_32_BIT_CONVERSION = YES;
				GCC_WARN_ABOUT_RETURN_TYPE = YES_ERROR;
				GCC_WARN_UNDECLARED_SELECTOR = YES;
				GCC_WARN_UNINITIALIZED_AUTOS = YES_AGGRESSIVE;
				GCC_WARN_UNUSED_FUNCTION = YES;
				GCC_WARN_UNUSED_VARIABLE = YES;
				IPHONEOS_DEPLOYMENT_TARGET = 12.1;
				MTL_ENABLE_DEBUG_INFO = NO;
				MTL_FAST_MATH = YES;
				SDKROOT = iphoneos;
				SWIFT_COMPILATION_MODE = wholemodule;
				SWIFT_OPTIMIZATION_LEVEL = "-O";
				VALIDATE_PRODUCT = YES;
			};
			name = Release;
		};
		4889E953220383860078D543 /* Debug */ = {
			isa = XCBuildConfiguration;
			baseConfigurationReference = 8D15050689C11955BA3C60C1 /* Pods-Surfing Login Screen.debug.xcconfig */;
			buildSettings = {
				ASSETCATALOG_COMPILER_APPICON_NAME = AppIcon;
				CODE_SIGN_STYLE = Automatic;
				DEVELOPMENT_TEAM = WV2V35LW7D;
				INFOPLIST_FILE = "Surfing Login Screen/Info.plist";
				LD_RUNPATH_SEARCH_PATHS = (
					"$(inherited)",
					"@executable_path/Frameworks",
				);
				PRODUCT_BUNDLE_IDENTIFIER = "com.alialjoubory.Surfing-Login-Screen";
				PRODUCT_NAME = "$(TARGET_NAME)";
				SWIFT_VERSION = 4.2;
				TARGETED_DEVICE_FAMILY = "1,2";
			};
			name = Debug;
		};
		4889E954220383860078D543 /* Release */ = {
			isa = XCBuildConfiguration;
			baseConfigurationReference = C2E301F8EEF0FE5964010990 /* Pods-Surfing Login Screen.release.xcconfig */;
			buildSettings = {
				ASSETCATALOG_COMPILER_APPICON_NAME = AppIcon;
				CODE_SIGN_STYLE = Automatic;
				DEVELOPMENT_TEAM = WV2V35LW7D;
				INFOPLIST_FILE = "Surfing Login Screen/Info.plist";
				LD_RUNPATH_SEARCH_PATHS = (
					"$(inherited)",
					"@executable_path/Frameworks",
				);
				PRODUCT_BUNDLE_IDENTIFIER = "com.alialjoubory.Surfing-Login-Screen";
				PRODUCT_NAME = "$(TARGET_NAME)";
				SWIFT_VERSION = 4.2;
				TARGETED_DEVICE_FAMILY = "1,2";
			};
			name = Release;
		};
/* End XCBuildConfiguration section */

/* Begin XCConfigurationList section */
		4889E93B220383840078D543 /* Build configuration list for PBXProject "Surfing Login Screen" */ = {
			isa = XCConfigurationList;
			buildConfigurations = (
				4889E950220383860078D543 /* Debug */,
				4889E951220383860078D543 /* Release */,
			);
			defaultConfigurationIsVisible = 0;
			defaultConfigurationName = Release;
		};
		4889E952220383860078D543 /* Build configuration list for PBXNativeTarget "Surfing Login Screen" */ = {
			isa = XCConfigurationList;
			buildConfigurations = (
				4889E953220383860078D543 /* Debug */,
				4889E954220383860078D543 /* Release */,
			);
			defaultConfigurationIsVisible = 0;
			defaultConfigurationName = Release;
		};
/* End XCConfigurationList section */
	};
	rootObject = 4889E938220383840078D543 /* Project object */;
}
